
Microsoft Visual Studio Solution File, Format Version 12.00
# Visual Studio Version 17
VisualStudioVersion = 17.6.33815.320
MinimumVisualStudioVersion = 10.0.40219.1
Project("{FAE04EC0-301F-11D3-BF4B-00C04F79EFBC}") = "DijitaruVatigoGengar", "DijitaruVatigoGengar\DijitaruVatigoGengar.csproj", "{22A6716D-9A57-4F2F-ACE5-8CFDC2534ABF}"
EndProject
Global
	GlobalSection(SolutionConfigurationPlatforms) = preSolution
		Debug|Any CPU = Debug|Any CPU
		Release|Any CPU = Release|Any CPU
	EndGlobalSection
	GlobalSection(ProjectConfigurationPlatforms) = postSolution
		{22A6716D-9A57-4F2F-ACE5-8CFDC2534ABF}.Debug|Any CPU.ActiveCfg = Debug|Any CPU
		{22A6716D-9A57-4F2F-ACE5-8CFDC2534ABF}.Debug|Any CPU.Build.0 = Debug|Any CPU
		{22A6716D-9A57-4F2F-ACE5-8CFDC2534ABF}.Release|Any CPU.ActiveCfg = Release|Any CPU
		{22A6716D-9A57-4F2F-ACE5-8CFDC2534ABF}.Release|Any CPU.Build.0 = Release|Any CPU
	EndGlobalSection
	GlobalSection(SolutionProperties) = preSolution
		HideSolutionNode = FALSE
	EndGlobalSection
	GlobalSection(ExtensibilityGlobals) = postSolution
		SolutionGuid = {6C1928E5-FF91-40A8-B558-CFC0435B4ED3}
	EndGlobalSection
EndGlobal
